
Microsoft Visual Studio Solution File, Format Version 12.00
# Visual Studio Version 17
VisualStudioVersion = 17.5.002.0
MinimumVisualStudioVersion = 10.0.40219.1
Project("{9A19103F-16F7-4668-BE54-9A1E7A4F7556}") = "oop", "oop.csproj", "{C504942F-CEC1-43EC-B5AD-CBD0234D5E94}"
EndProject
Global
	GlobalSection(SolutionConfigurationPlatforms) = preSolution
		Debug|Any CPU = Debug|Any CPU
		Release|Any CPU = Release|Any CPU
	EndGlobalSection
	GlobalSection(ProjectConfigurationPlatforms) = postSolution
		{C504942F-CEC1-43EC-B5AD-CBD0234D5E94}.Debug|Any CPU.ActiveCfg = Debug|Any CPU
		{C504942F-CEC1-43EC-B5AD-CBD0234D5E94}.Debug|Any CPU.Build.0 = Debug|Any CPU
		{C504942F-CEC1-43EC-B5AD-CBD0234D5E94}.Release|Any CPU.ActiveCfg = Release|Any CPU
		{C504942F-CEC1-43EC-B5AD-CBD0234D5E94}.Release|Any CPU.Build.0 = Release|Any CPU
	EndGlobalSection
	GlobalSection(SolutionProperties) = preSolution
		HideSolutionNode = FALSE
	EndGlobalSection
	GlobalSection(ExtensibilityGlobals) = postSolution
		SolutionGuid = {73E49095-4874-4E3B-BFF4-3EDDB629F47C}
	EndGlobalSection
EndGlobal
